
Microsoft Visual Studio Solution File, Format Version 12.00
# Visual Studio 15
VisualStudioVersion = 15.0.27703.2047
MinimumVisualStudioVersion = 10.0.40219.1
Project("{FAE04EC0-301F-11D3-BF4B-00C04F79EFBC}") = "AIAudioSlicer", "AIAudioSlicer\AIAudioSlicer.csproj", "{EE6D18E8-2F8E-4E58-8E21-1D53DCDB9516}"
EndProject
Global
	GlobalSection(SolutionConfigurationPlatforms) = preSolution
		Debug|Any CPU = Debug|Any CPU
		Debug|x64 = Debug|x64
		Release|Any CPU = Release|Any CPU
		Release|x64 = Release|x64
	EndGlobalSection
	GlobalSection(ProjectConfigurationPlatforms) = postSolution
		{EE6D18E8-2F8E-4E58-8E21-1D53DCDB9516}.Debug|Any CPU.ActiveCfg = Debug|Any CPU
		{EE6D18E8-2F8E-4E58-8E21-1D53DCDB9516}.Debug|Any CPU.Build.0 = Debug|Any CPU
		{EE6D18E8-2F8E-4E58-8E21-1D53DCDB9516}.Debug|x64.ActiveCfg = Debug|x64
		{EE6D18E8-2F8E-4E58-8E21-1D53DCDB9516}.Debug|x64.Build.0 = Debug|x64
		{EE6D18E8-2F8E-4E58-8E21-1D53DCDB9516}.Release|Any CPU.ActiveCfg = Release|Any CPU
		{EE6D18E8-2F8E-4E58-8E21-1D53DCDB9516}.Release|Any CPU.Build.0 = Release|Any CPU
		{EE6D18E8-2F8E-4E58-8E21-1D53DCDB9516}.Release|x64.ActiveCfg = Release|x64
		{EE6D18E8-2F8E-4E58-8E21-1D53DCDB9516}.Release|x64.Build.0 = Release|x64
	EndGlobalSection
	GlobalSection(SolutionProperties) = preSolution
		HideSolutionNode = FALSE
	EndGlobalSection
	GlobalSection(ExtensibilityGlobals) = postSolution
		SolutionGuid = {EE8F7B50-817B-4BB8-AAC3-A440DD5475C6}
	EndGlobalSection
EndGlobal
